{
  "originHash" : "949938e3c0c89dfa5c05d0fc9e6c58b80a922a617d34ef9d26fafffdba87f2ca",
  "pins" : [
    {
      "identity" : "mlx-engine-swift",
      "kind" : "remoteSourceControl",
      "location" : "https://github.com/xocialize/mlx-engine-swift",
      "state" : {
        "revision" : "6bed83fab8f6849cebdd991a7a16456c3a764ce9",
        "version" : "0.40.1"
      }
    },
    {
      "identity" : "mlx-swift",
      "kind" : "remoteSourceControl",
      "location" : "https://github.com/ml-explore/mlx-swift",
      "state" : {
        "revision" : "0bb916c67f4b9e5c682cbe02a42c701c93ab5021",
        "version" : "0.31.6"
      }
    },
    {
      "identity" : "swift-argument-parser",
      "kind" : "remoteSourceControl",
      "location" : "https://github.com/apple/swift-argument-parser",
      "state" : {
        "revision" : "6a52f3251125d74daf04fcbd5e6f08a75d074382",
        "version" : "1.8.2"
      }
    },
    {
      "identity" : "swift-numerics",
      "kind" : "remoteSourceControl",
      "location" : "https://github.com/apple/swift-numerics",
      "state" : {
        "revision" : "0c0290ff6b24942dadb83a929ffaaa1481df04a2",
        "version" : "1.1.1"
      }
    }
  ],
  "version" : 3
}
